
Microsoft Visual Studio Solution File, Format Version 12.00
# Visual Studio Version 16
VisualStudioVersion = 16.0.30204.135
MinimumVisualStudioVersion = 10.0.40219.1
Project("{FAE04EC0-301F-11D3-BF4B-00C04F79EFBC}") = "Chain of Responsibility", "Chain of Responsibility\Chain of Responsibility.csproj", "{FC15F2E0-029E-43A7-8CE0-55F81D2525E5}"
EndProject
Project("{FAE04EC0-301F-11D3-BF4B-00C04F79EFBC}") = "ChainOfResponsibility.Tests", "ChainOfResponsibility.Tests\ChainOfResponsibility.Tests.csproj", "{482C1668-9512-4A1D-9C33-5905E0330C23}"
EndProject
Global
	GlobalSection(SolutionConfigurationPlatforms) = preSolution
		Debug|Any CPU = Debug|Any CPU
		Release|Any CPU = Release|Any CPU
	EndGlobalSection
	GlobalSection(ProjectConfigurationPlatforms) = postSolution
		{FC15F2E0-029E-43A7-8CE0-55F81D2525E5}.Debug|Any CPU.ActiveCfg = Debug|Any CPU
		{FC15F2E0-029E-43A7-8CE0-55F81D2525E5}.Debug|Any CPU.Build.0 = Debug|Any CPU
		{FC15F2E0-029E-43A7-8CE0-55F81D2525E5}.Release|Any CPU.ActiveCfg = Release|Any CPU
		{FC15F2E0-029E-43A7-8CE0-55F81D2525E5}.Release|Any CPU.Build.0 = Release|Any CPU
		{482C1668-9512-4A1D-9C33-5905E0330C23}.Debug|Any CPU.ActiveCfg = Debug|Any CPU
		{482C1668-9512-4A1D-9C33-5905E0330C23}.Debug|Any CPU.Build.0 = Debug|Any CPU
		{482C1668-9512-4A1D-9C33-5905E0330C23}.Release|Any CPU.ActiveCfg = Release|Any CPU
		{482C1668-9512-4A1D-9C33-5905E0330C23}.Release|Any CPU.Build.0 = Release|Any CPU
	EndGlobalSection
	GlobalSection(SolutionProperties) = preSolution
		HideSolutionNode = FALSE
	EndGlobalSection
	GlobalSection(ExtensibilityGlobals) = postSolution
		SolutionGuid = {79419699-7E76-43D0-B21E-3BFB266BA9B0}
	EndGlobalSection
EndGlobal
