
Microsoft Visual Studio Solution File, Format Version 12.00
# Visual Studio Version 16
VisualStudioVersion = 16.0.30204.135
MinimumVisualStudioVersion = 10.0.40219.1
Project("{FAE04EC0-301F-11D3-BF4B-00C04F79EFBC}") = "Specification Pattern", "Specification Pattern\Specification Pattern.csproj", "{B77D1ECD-3FEA-4000-9532-60EC2EFD3EE0}"
EndProject
Project("{FAE04EC0-301F-11D3-BF4B-00C04F79EFBC}") = "SpecificationPattern.Tests", "SpecificationPattern.Tests\SpecificationPattern.Tests.csproj", "{EF52CEFD-DF40-44E4-B473-E4E5C355439F}"
EndProject
Global
	GlobalSection(SolutionConfigurationPlatforms) = preSolution
		Debug|Any CPU = Debug|Any CPU
		Release|Any CPU = Release|Any CPU
	EndGlobalSection
	GlobalSection(ProjectConfigurationPlatforms) = postSolution
		{B77D1ECD-3FEA-4000-9532-60EC2EFD3EE0}.Debug|Any CPU.ActiveCfg = Debug|Any CPU
		{B77D1ECD-3FEA-4000-9532-60EC2EFD3EE0}.Debug|Any CPU.Build.0 = Debug|Any CPU
		{B77D1ECD-3FEA-4000-9532-60EC2EFD3EE0}.Release|Any CPU.ActiveCfg = Release|Any CPU
		{B77D1ECD-3FEA-4000-9532-60EC2EFD3EE0}.Release|Any CPU.Build.0 = Release|Any CPU
		{EF52CEFD-DF40-44E4-B473-E4E5C355439F}.Debug|Any CPU.ActiveCfg = Debug|Any CPU
		{EF52CEFD-DF40-44E4-B473-E4E5C355439F}.Debug|Any CPU.Build.0 = Debug|Any CPU
		{EF52CEFD-DF40-44E4-B473-E4E5C355439F}.Release|Any CPU.ActiveCfg = Release|Any CPU
		{EF52CEFD-DF40-44E4-B473-E4E5C355439F}.Release|Any CPU.Build.0 = Release|Any CPU
	EndGlobalSection
	GlobalSection(SolutionProperties) = preSolution
		HideSolutionNode = FALSE
	EndGlobalSection
	GlobalSection(ExtensibilityGlobals) = postSolution
		SolutionGuid = {5E7BB46D-2B26-47EF-95E6-4753BDDAB503}
	EndGlobalSection
EndGlobal
