
Microsoft Visual Studio Solution File, Format Version 12.00
# Visual Studio Version 16
VisualStudioVersion = 16.0.30204.135
MinimumVisualStudioVersion = 10.0.40219.1
Project("{FAE04EC0-301F-11D3-BF4B-00C04F79EFBC}") = "Decorator", "Decorator\Decorator.csproj", "{272B226D-657D-4BC4-8E5D-E513AB59B1A2}"
EndProject
Global
	GlobalSection(SolutionConfigurationPlatforms) = preSolution
		Debug|Any CPU = Debug|Any CPU
		Release|Any CPU = Release|Any CPU
	EndGlobalSection
	GlobalSection(ProjectConfigurationPlatforms) = postSolution
		{272B226D-657D-4BC4-8E5D-E513AB59B1A2}.Debug|Any CPU.ActiveCfg = Debug|Any CPU
		{272B226D-657D-4BC4-8E5D-E513AB59B1A2}.Debug|Any CPU.Build.0 = Debug|Any CPU
		{272B226D-657D-4BC4-8E5D-E513AB59B1A2}.Release|Any CPU.ActiveCfg = Release|Any CPU
		{272B226D-657D-4BC4-8E5D-E513AB59B1A2}.Release|Any CPU.Build.0 = Release|Any CPU
	EndGlobalSection
	GlobalSection(SolutionProperties) = preSolution
		HideSolutionNode = FALSE
	EndGlobalSection
	GlobalSection(ExtensibilityGlobals) = postSolution
		SolutionGuid = {A088BEB0-5396-4819-A6CD-5C710BD54B5D}
	EndGlobalSection
EndGlobal
